
Microsoft Visual Studio Solution File, Format Version 12.00
Project("{FAE04EC0-301F-11D3-BF4B-00C04F79EFBC}") = "UaddAPI", "UaddAPI\UaddAPI.csproj", "{742E379C-71C4-4287-94AB-A636E6E8B6C1}"
EndProject
Global
	GlobalSection(SolutionConfigurationPlatforms) = preSolution
		Debug|Any CPU = Debug|Any CPU
		Release|Any CPU = Release|Any CPU
	EndGlobalSection
	GlobalSection(ProjectConfigurationPlatforms) = postSolution
		{742E379C-71C4-4287-94AB-A636E6E8B6C1}.Debug|Any CPU.ActiveCfg = Debug|Any CPU
		{742E379C-71C4-4287-94AB-A636E6E8B6C1}.Debug|Any CPU.Build.0 = Debug|Any CPU
		{742E379C-71C4-4287-94AB-A636E6E8B6C1}.Release|Any CPU.ActiveCfg = Release|Any CPU
		{742E379C-71C4-4287-94AB-A636E6E8B6C1}.Release|Any CPU.Build.0 = Release|Any CPU
	EndGlobalSection
EndGlobal
